
Microsoft Visual Studio Solution File, Format Version 12.00
# Visual Studio Version 16
VisualStudioVersion = 16.0.32228.343
MinimumVisualStudioVersion = 10.0.40219.1
Project("{FAE04EC0-301F-11D3-BF4B-00C04F79EFBC}") = "GameTheoryLab1", "GameTheoryLab1.csproj", "{0D89431A-1E29-4869-ABAF-A826EED2AEE9}"
EndProject
Global
	GlobalSection(SolutionConfigurationPlatforms) = preSolution
		Debug|Any CPU = Debug|Any CPU
		Release|Any CPU = Release|Any CPU
	EndGlobalSection
	GlobalSection(ProjectConfigurationPlatforms) = postSolution
		{0D89431A-1E29-4869-ABAF-A826EED2AEE9}.Debug|Any CPU.ActiveCfg = Debug|Any CPU
		{0D89431A-1E29-4869-ABAF-A826EED2AEE9}.Debug|Any CPU.Build.0 = Debug|Any CPU
		{0D89431A-1E29-4869-ABAF-A826EED2AEE9}.Release|Any CPU.ActiveCfg = Release|Any CPU
		{0D89431A-1E29-4869-ABAF-A826EED2AEE9}.Release|Any CPU.Build.0 = Release|Any CPU
	EndGlobalSection
	GlobalSection(SolutionProperties) = preSolution
		HideSolutionNode = FALSE
	EndGlobalSection
	GlobalSection(ExtensibilityGlobals) = postSolution
		SolutionGuid = {3893CD55-4224-4FFE-AF9E-0F381EF7B339}
	EndGlobalSection
EndGlobal
